
Microsoft Visual Studio Solution File, Format Version 12.00
# Visual Studio 15
VisualStudioVersion = 15.0.28010.2046
MinimumVisualStudioVersion = 10.0.40219.1
Project("{8BC9CEB8-8B4A-11D0-8D11-00A0C91BC942}") = "randomNumber", "randomNumber\randomNumber.vcxproj", "{431FDABC-EF5C-4978-8110-447CDEC7140B}"
EndProject
Global
	GlobalSection(SolutionConfigurationPlatforms) = preSolution
		Debug|x64 = Debug|x64
		Debug|x86 = Debug|x86
		Release|x64 = Release|x64
		Release|x86 = Release|x86
	EndGlobalSection
	GlobalSection(ProjectConfigurationPlatforms) = postSolution
		{431FDABC-EF5C-4978-8110-447CDEC7140B}.Debug|x64.ActiveCfg = Debug|x64
		{431FDABC-EF5C-4978-8110-447CDEC7140B}.Debug|x64.Build.0 = Debug|x64
		{431FDABC-EF5C-4978-8110-447CDEC7140B}.Debug|x86.ActiveCfg = Debug|Win32
		{431FDABC-EF5C-4978-8110-447CDEC7140B}.Debug|x86.Build.0 = Debug|Win32
		{431FDABC-EF5C-4978-8110-447CDEC7140B}.Release|x64.ActiveCfg = Release|x64
		{431FDABC-EF5C-4978-8110-447CDEC7140B}.Release|x64.Build.0 = Release|x64
		{431FDABC-EF5C-4978-8110-447CDEC7140B}.Release|x86.ActiveCfg = Release|Win32
		{431FDABC-EF5C-4978-8110-447CDEC7140B}.Release|x86.Build.0 = Release|Win32
	EndGlobalSection
	GlobalSection(SolutionProperties) = preSolution
		HideSolutionNode = FALSE
	EndGlobalSection
	GlobalSection(ExtensibilityGlobals) = postSolution
		SolutionGuid = {3299B34B-8476-4723-99DE-D1BCEC31F469}
	EndGlobalSection
EndGlobal
